
Microsoft Visual Studio Solution File, Format Version 12.00
# Visual Studio Version 17
VisualStudioVersion = 17.5.002.0
MinimumVisualStudioVersion = 10.0.40219.1
Project("{9A19103F-16F7-4668-BE54-9A1E7A4F7556}") = "CodFuente", "CodFuente.csproj", "{9CAF6684-EC9A-4B04-AA68-25DB490620BC}"
EndProject
Global
	GlobalSection(SolutionConfigurationPlatforms) = preSolution
		Debug|Any CPU = Debug|Any CPU
		Release|Any CPU = Release|Any CPU
	EndGlobalSection
	GlobalSection(ProjectConfigurationPlatforms) = postSolution
		{9CAF6684-EC9A-4B04-AA68-25DB490620BC}.Debug|Any CPU.ActiveCfg = Debug|Any CPU
		{9CAF6684-EC9A-4B04-AA68-25DB490620BC}.Debug|Any CPU.Build.0 = Debug|Any CPU
		{9CAF6684-EC9A-4B04-AA68-25DB490620BC}.Release|Any CPU.ActiveCfg = Release|Any CPU
		{9CAF6684-EC9A-4B04-AA68-25DB490620BC}.Release|Any CPU.Build.0 = Release|Any CPU
	EndGlobalSection
	GlobalSection(SolutionProperties) = preSolution
		HideSolutionNode = FALSE
	EndGlobalSection
	GlobalSection(ExtensibilityGlobals) = postSolution
		SolutionGuid = {4E9D6053-17F6-4739-B9E3-E28F4B090F76}
	EndGlobalSection
EndGlobal
